# Generated by pub
# See https://dart.dev/tools/pub/glossary#lockfile
packages:
  archive:
    dependency: transitive
    description:
      name: archive
      url: "https://pub.dartlang.org"
    source: hosted
    version: "3.2.1"
  args:
    dependency: "direct main"
    description:
      name: args
      url: "https://pub.dartlang.org"
    source: hosted
    version: "2.3.0"
  asn1lib:
    dependency: transitive
    description:
      name: asn1lib
      url: "https://pub.dartlang.org"
    source: hosted
    version: "1.1.0"
  async:
    dependency: transitive
    description:
      name: async
      url: "https://pub.dartlang.org"
    source: hosted
    version: "2.8.2"
  characters:
    dependency: transitive
    description:
      name: characters
      url: "https://pub.dartlang.org"
    source: hosted
    version: "1.2.0"
  charcode:
    dependency: transitive
    description:
      name: charcode
      url: "https://pub.dartlang.org"
    source: hosted
    version: "1.3.1"
  clock:
    dependency: transitive
    description:
      name: clock
      url: "https://pub.dartlang.org"
    source: hosted
    version: "1.1.0"
  collection:
    dependency: transitive
    description:
      name: collection
      url: "https://pub.dartlang.org"
    source: hosted
    version: "1.15.0"
  colorize:
    dependency: "direct main"
    description:
      name: colorize
      url: "https://pub.dartlang.org"
    source: hosted
    version: "3.0.0"
  convert:
    dependency: transitive
    description:
      name: convert
      url: "https://pub.dartlang.org"
    source: hosted
    version: "3.0.1"
  crypto:
    dependency: transitive
    description:
      name: crypto
      url: "https://pub.dartlang.org"
    source: hosted
    version: "3.0.1"
  csslib:
    dependency: transitive
    description:
      name: csslib
      url: "https://pub.dartlang.org"
    source: hosted
    version: "0.17.1"
  devx:
    dependency: "direct dev"
    description:
      path: "."
      ref: devx
      resolved-ref: "32c7eb1c3036c166f9e795bba5eef09d07f6b687"
      url: "git://github.com/yukino-app/packages.git"
    source: git
    version: "0.0.0"
  dl:
    dependency: "direct main"
    description:
      name: dl
      url: "https://pub.dartlang.org"
    source: hosted
    version: "1.0.6"
  encrypt:
    dependency: transitive
    description:
      name: encrypt
      url: "https://pub.dartlang.org"
    source: hosted
    version: "5.0.1"
  extensions:
    dependency: "direct main"
    description:
      path: "."
      ref: extensions
      resolved-ref: "22d1a47638fe113c68704f80c536ac6a7e401985"
      url: "git://github.com/yukino-app/packages.git"
    source: git
    version: "1.0.5"
  extensions_metadata:
    dependency: transitive
    description:
      path: "."
      ref: extensions_metadata
      resolved-ref: "72187a44ffa0db4e7217c95fe2591831f4240a84"
      url: "git://github.com/yukino-app/packages.git"
    source: git
    version: "0.0.0"
  extensions_runtime:
    dependency: transitive
    description:
      path: "."
      ref: extensions_runtime
      resolved-ref: acb44cf948ac06f4366e02e1b30d6e347888e401
      url: "git://github.com/yukino-app/packages.git"
    source: git
    version: "0.0.0"
  fuzzy:
    dependency: transitive
    description:
      name: fuzzy
      url: "https://pub.dartlang.org"
    source: hosted
    version: "0.4.0-nullsafety.0"
  hetu_script:
    dependency: transitive
    description:
      name: hetu_script
      url: "https://pub.dartlang.org"
    source: hosted
    version: "0.3.12"
  html:
    dependency: transitive
    description:
      name: html
      url: "https://pub.dartlang.org"
    source: hosted
    version: "0.15.0"
  http:
    dependency: "direct main"
    description:
      name: http
      url: "https://pub.dartlang.org"
    source: hosted
    version: "0.13.4"
  http_parser:
    dependency: transitive
    description:
      name: http_parser
      url: "https://pub.dartlang.org"
    source: hosted
    version: "4.0.0"
  js:
    dependency: transitive
    description:
      name: js
      url: "https://pub.dartlang.org"
    source: hosted
    version: "0.6.4"
  latinize:
    dependency: transitive
    description:
      name: latinize
      url: "https://pub.dartlang.org"
    source: hosted
    version: "0.1.0-nullsafety.0"
  lint:
    dependency: "direct dev"
    description:
      name: lint
      url: "https://pub.dartlang.org"
    source: hosted
    version: "1.8.2"
  logging:
    dependency: transitive
    description:
      name: logging
      url: "https://pub.dartlang.org"
    source: hosted
    version: "1.0.2"
  matcher:
    dependency: transitive
    description:
      name: matcher
      url: "https://pub.dartlang.org"
    source: hosted
    version: "0.12.11"
  meta:
    dependency: transitive
    description:
      name: meta
      url: "https://pub.dartlang.org"
    source: hosted
    version: "1.7.0"
  path:
    dependency: "direct main"
    description:
      name: path
      url: "https://pub.dartlang.org"
    source: hosted
    version: "1.8.1"
  petitparser:
    dependency: transitive
    description:
      name: petitparser
      url: "https://pub.dartlang.org"
    source: hosted
    version: "4.4.0"
  pointycastle:
    dependency: transitive
    description:
      name: pointycastle
      url: "https://pub.dartlang.org"
    source: hosted
    version: "3.5.1"
  pool:
    dependency: transitive
    description:
      name: pool
      url: "https://pub.dartlang.org"
    source: hosted
    version: "1.5.0"
  pub_semver:
    dependency: transitive
    description:
      name: pub_semver
      url: "https://pub.dartlang.org"
    source: hosted
    version: "2.1.0"
  puppeteer:
    dependency: transitive
    description:
      name: puppeteer
      url: "https://pub.dartlang.org"
    source: hosted
    version: "2.6.0"
  quiver:
    dependency: transitive
    description:
      name: quiver
      url: "https://pub.dartlang.org"
    source: hosted
    version: "3.0.1+1"
  recase:
    dependency: transitive
    description:
      name: recase
      url: "https://pub.dartlang.org"
    source: hosted
    version: "4.0.0"
  shlex:
    dependency: "direct main"
    description:
      name: shlex
      url: "https://pub.dartlang.org"
    source: hosted
    version: "2.0.2"
  source_span:
    dependency: transitive
    description:
      name: source_span
      url: "https://pub.dartlang.org"
    source: hosted
    version: "1.8.2"
  stack_trace:
    dependency: transitive
    description:
      name: stack_trace
      url: "https://pub.dartlang.org"
    source: hosted
    version: "1.10.0"
  string_scanner:
    dependency: transitive
    description:
      name: string_scanner
      url: "https://pub.dartlang.org"
    source: hosted
    version: "1.1.0"
  term_glyph:
    dependency: transitive
    description:
      name: term_glyph
      url: "https://pub.dartlang.org"
    source: hosted
    version: "1.2.0"
  typed_data:
    dependency: transitive
    description:
      name: typed_data
      url: "https://pub.dartlang.org"
    source: hosted
    version: "1.3.0"
  utilx:
    dependency: "direct main"
    description:
      path: "."
      ref: utilx
      resolved-ref: fa10d947ad86c504ff63c350dfa91523ff271780
      url: "git://github.com/yukino-app/packages.git"
    source: git
    version: "0.0.0"
  utilx_desktop:
    dependency: "direct main"
    description:
      path: "."
      ref: utilx_desktop
      resolved-ref: f9e07658ccd8894938f64b016c2a4e925ddfd34d
      url: "git://github.com/yukino-app/packages.git"
    source: git
    version: "0.0.0"
sdks:
  dart: ">=2.16.0-144.0.dev <3.0.0"
